
Microsoft Visual Studio Solution File, Format Version 12.00
# Visual Studio Version 16
VisualStudioVersion = 16.0.30320.27
MinimumVisualStudioVersion = 10.0.40219.1
Project("{FAE04EC0-301F-11D3-BF4B-00C04F79EFBC}") = "TrayAlbumRandomizer", "TrayAlbumRandomizer\TrayAlbumRandomizer.csproj", "{4AC66813-024C-43C5-A3DD-A79E25A650E8}"
EndProject
Project("{9A19103F-16F7-4668-BE54-9A1E7A4F7556}") = "TrayAlbumRandomizer.Pocos", "TrayAlbumRandomizer.Pocos\TrayAlbumRandomizer.Pocos.csproj", "{7A49A0E5-CE49-42B8-BB66-39E74CFFE66E}"
EndProject
Project("{2150E333-8FDC-42A3-9474-1A3956D46DE8}") = "Solution Items", "Solution Items", "{93C20AFB-60AB-43F8-BCA9-62099C953C7D}"
	ProjectSection(SolutionItems) = preProject
		.editorconfig = .editorconfig
	EndProjectSection
EndProject
Project("{FAE04EC0-301F-11D3-BF4B-00C04F79EFBC}") = "TrayAlbumRandomizer.AlbumListUpdate", "TrayAlbumRandomizer.AlbumListUpdate\TrayAlbumRandomizer.AlbumListUpdate.csproj", "{A78C3BAD-BA1E-47DF-BDC6-21F6ACD0C157}"
EndProject
Global
	GlobalSection(SolutionConfigurationPlatforms) = preSolution
		Debug|Any CPU = Debug|Any CPU
		Release|Any CPU = Release|Any CPU
	EndGlobalSection
	GlobalSection(ProjectConfigurationPlatforms) = postSolution
		{4AC66813-024C-43C5-A3DD-A79E25A650E8}.Debug|Any CPU.ActiveCfg = Debug|Any CPU
		{4AC66813-024C-43C5-A3DD-A79E25A650E8}.Debug|Any CPU.Build.0 = Debug|Any CPU
		{4AC66813-024C-43C5-A3DD-A79E25A650E8}.Release|Any CPU.ActiveCfg = Release|Any CPU
		{4AC66813-024C-43C5-A3DD-A79E25A650E8}.Release|Any CPU.Build.0 = Release|Any CPU
		{7A49A0E5-CE49-42B8-BB66-39E74CFFE66E}.Debug|Any CPU.ActiveCfg = Debug|Any CPU
		{7A49A0E5-CE49-42B8-BB66-39E74CFFE66E}.Debug|Any CPU.Build.0 = Debug|Any CPU
		{7A49A0E5-CE49-42B8-BB66-39E74CFFE66E}.Release|Any CPU.ActiveCfg = Release|Any CPU
		{7A49A0E5-CE49-42B8-BB66-39E74CFFE66E}.Release|Any CPU.Build.0 = Release|Any CPU
		{A78C3BAD-BA1E-47DF-BDC6-21F6ACD0C157}.Debug|Any CPU.ActiveCfg = Debug|Any CPU
		{A78C3BAD-BA1E-47DF-BDC6-21F6ACD0C157}.Debug|Any CPU.Build.0 = Debug|Any CPU
		{A78C3BAD-BA1E-47DF-BDC6-21F6ACD0C157}.Release|Any CPU.ActiveCfg = Release|Any CPU
		{A78C3BAD-BA1E-47DF-BDC6-21F6ACD0C157}.Release|Any CPU.Build.0 = Release|Any CPU
	EndGlobalSection
	GlobalSection(SolutionProperties) = preSolution
		HideSolutionNode = FALSE
	EndGlobalSection
	GlobalSection(ExtensibilityGlobals) = postSolution
		SolutionGuid = {85ECA284-1B79-473E-A572-A79DC6FC78CD}
	EndGlobalSection
EndGlobal
